
Microsoft Visual Studio Solution File, Format Version 12.00
# Visual Studio 15
VisualStudioVersion = 15.0.28307.1585
MinimumVisualStudioVersion = 10.0.40219.1
Project("{8BC9CEB8-8B4A-11D0-8D11-00A0C91BC942}") = "ProcessServer", "ProcessServer.vcxproj", "{725B9C22-B1E1-4453-A621-E52965EB1966}"
EndProject
Global
	GlobalSection(SolutionConfigurationPlatforms) = preSolution
		Debug|x64 = Debug|x64
		Debug|x86 = Debug|x86
		Release|x64 = Release|x64
		Release|x86 = Release|x86
	EndGlobalSection
	GlobalSection(ProjectConfigurationPlatforms) = postSolution
		{725B9C22-B1E1-4453-A621-E52965EB1966}.Debug|x64.ActiveCfg = Debug|x64
		{725B9C22-B1E1-4453-A621-E52965EB1966}.Debug|x64.Build.0 = Debug|x64
		{725B9C22-B1E1-4453-A621-E52965EB1966}.Debug|x86.ActiveCfg = Debug|Win32
		{725B9C22-B1E1-4453-A621-E52965EB1966}.Debug|x86.Build.0 = Debug|Win32
		{725B9C22-B1E1-4453-A621-E52965EB1966}.Release|x64.ActiveCfg = Release|x64
		{725B9C22-B1E1-4453-A621-E52965EB1966}.Release|x64.Build.0 = Release|x64
		{725B9C22-B1E1-4453-A621-E52965EB1966}.Release|x86.ActiveCfg = Release|Win32
		{725B9C22-B1E1-4453-A621-E52965EB1966}.Release|x86.Build.0 = Release|Win32
	EndGlobalSection
	GlobalSection(SolutionProperties) = preSolution
		HideSolutionNode = FALSE
	EndGlobalSection
	GlobalSection(ExtensibilityGlobals) = postSolution
		SolutionGuid = {8CE3E4A4-6A77-439C-AE67-AE90C85390AD}
	EndGlobalSection
EndGlobal
